
Microsoft Visual Studio Solution File, Format Version 12.00
# Visual Studio 15
VisualStudioVersion = 15.0.27309.0
MinimumVisualStudioVersion = 10.0.40219.1
Project("{9A19103F-16F7-4668-BE54-9A1E7A4F7556}") = "EmbyStat-Website", "EmbyStat-Website\EmbyStat-Website.csproj", "{B607CE65-2F98-4392-8C81-7950241FB39A}"
EndProject
Global
	GlobalSection(SolutionConfigurationPlatforms) = preSolution
		Debug|Any CPU = Debug|Any CPU
		Release|Any CPU = Release|Any CPU
	EndGlobalSection
	GlobalSection(ProjectConfigurationPlatforms) = postSolution
		{B607CE65-2F98-4392-8C81-7950241FB39A}.Debug|Any CPU.ActiveCfg = Debug|Any CPU
		{B607CE65-2F98-4392-8C81-7950241FB39A}.Debug|Any CPU.Build.0 = Debug|Any CPU
		{B607CE65-2F98-4392-8C81-7950241FB39A}.Release|Any CPU.ActiveCfg = Release|Any CPU
		{B607CE65-2F98-4392-8C81-7950241FB39A}.Release|Any CPU.Build.0 = Release|Any CPU
	EndGlobalSection
	GlobalSection(SolutionProperties) = preSolution
		HideSolutionNode = FALSE
	EndGlobalSection
	GlobalSection(ExtensibilityGlobals) = postSolution
		SolutionGuid = {943DBE61-A6B7-425D-B8B1-B4F0839F87DB}
	EndGlobalSection
EndGlobal
